
Microsoft Visual Studio Solution File, Format Version 12.00
# Visual Studio Version 17
VisualStudioVersion = 17.3.32819.101
MinimumVisualStudioVersion = 10.0.40219.1
Project("{FAE04EC0-301F-11D3-BF4B-00C04F79EFBC}") = "ApiAdapter", "ApiAdapter\ApiAdapter.csproj", "{CEC71D58-CD0A-4326-8570-F7A822A4E6A7}"
EndProject
Global
	GlobalSection(SolutionConfigurationPlatforms) = preSolution
		Debug|Any CPU = Debug|Any CPU
		Release|Any CPU = Release|Any CPU
	EndGlobalSection
	GlobalSection(ProjectConfigurationPlatforms) = postSolution
		{CEC71D58-CD0A-4326-8570-F7A822A4E6A7}.Debug|Any CPU.ActiveCfg = Debug|Any CPU
		{CEC71D58-CD0A-4326-8570-F7A822A4E6A7}.Debug|Any CPU.Build.0 = Debug|Any CPU
		{CEC71D58-CD0A-4326-8570-F7A822A4E6A7}.Release|Any CPU.ActiveCfg = Release|Any CPU
		{CEC71D58-CD0A-4326-8570-F7A822A4E6A7}.Release|Any CPU.Build.0 = Release|Any CPU
	EndGlobalSection
	GlobalSection(SolutionProperties) = preSolution
		HideSolutionNode = FALSE
	EndGlobalSection
	GlobalSection(ExtensibilityGlobals) = postSolution
		SolutionGuid = {BCFC5D6C-940F-412B-B7F6-0F0A3E130983}
	EndGlobalSection
EndGlobal
